
Microsoft Visual Studio Solution File, Format Version 12.00
# Visual Studio 15
VisualStudioVersion = 15.0.28307.1231
MinimumVisualStudioVersion = 10.0.40219.1
Project("{8BC9CEB8-8B4A-11D0-8D11-00A0C91BC942}") = "TASK 4", "TASK 4\TASK 4.vcxproj", "{42D5A4A3-35C6-4199-868E-B8AB5145FBF6}"
EndProject
Project("{8BC9CEB8-8B4A-11D0-8D11-00A0C91BC942}") = "TASK 5", "TASK 5\TASK 5.vcxproj", "{3E1D437E-EEBE-4EEB-84E5-17ECC399CDB4}"
EndProject
Project("{8BC9CEB8-8B4A-11D0-8D11-00A0C91BC942}") = "TASK 6", "TASK 6\TASK 6.vcxproj", "{ABA82A55-4435-44FB-838A-59F871337E6D}"
EndProject
Project("{8BC9CEB8-8B4A-11D0-8D11-00A0C91BC942}") = "TASK 7", "TASK 7\TASK 7.vcxproj", "{A3B8287B-E962-4840-A843-C1C92B01E57A}"
EndProject
Project("{8BC9CEB8-8B4A-11D0-8D11-00A0C91BC942}") = "TASK 8", "TASK 8\TASK 8.vcxproj", "{4486C7F5-CD53-4E7B-8C77-E1EF494856E7}"
EndProject
Project("{8BC9CEB8-8B4A-11D0-8D11-00A0C91BC942}") = "TASK 9", "TASK 9\TASK 9.vcxproj", "{91DEE828-2013-45DF-8023-EB1DBA66EF1F}"
EndProject
Project("{8BC9CEB8-8B4A-11D0-8D11-00A0C91BC942}") = "TASK 2", "TASK 2\TASK 2.vcxproj", "{BF815546-07F9-4954-9EFF-B33658D13BAF}"
EndProject
Project("{8BC9CEB8-8B4A-11D0-8D11-00A0C91BC942}") = "TASK 3", "TASK 3\TASK 3.vcxproj", "{6E2AF463-18AA-49EB-827F-12C6B1780634}"
EndProject
Project("{8BC9CEB8-8B4A-11D0-8D11-00A0C91BC942}") = "TASK 1", "TASK 1\TASK 1.vcxproj", "{411EF73D-0B03-4271-9246-0A4E9A2A72CB}"
EndProject
Global
	GlobalSection(SolutionConfigurationPlatforms) = preSolution
		Debug|x64 = Debug|x64
		Debug|x86 = Debug|x86
		Release|x64 = Release|x64
		Release|x86 = Release|x86
	EndGlobalSection
	GlobalSection(ProjectConfigurationPlatforms) = postSolution
		{42D5A4A3-35C6-4199-868E-B8AB5145FBF6}.Debug|x64.ActiveCfg = Debug|x64
		{42D5A4A3-35C6-4199-868E-B8AB5145FBF6}.Debug|x64.Build.0 = Debug|x64
		{42D5A4A3-35C6-4199-868E-B8AB5145FBF6}.Debug|x86.ActiveCfg = Debug|Win32
		{42D5A4A3-35C6-4199-868E-B8AB5145FBF6}.Debug|x86.Build.0 = Debug|Win32
		{42D5A4A3-35C6-4199-868E-B8AB5145FBF6}.Release|x64.ActiveCfg = Release|x64
		{42D5A4A3-35C6-4199-868E-B8AB5145FBF6}.Release|x64.Build.0 = Release|x64
		{42D5A4A3-35C6-4199-868E-B8AB5145FBF6}.Release|x86.ActiveCfg = Release|Win32
		{42D5A4A3-35C6-4199-868E-B8AB5145FBF6}.Release|x86.Build.0 = Release|Win32
		{3E1D437E-EEBE-4EEB-84E5-17ECC399CDB4}.Debug|x64.ActiveCfg = Debug|x64
		{3E1D437E-EEBE-4EEB-84E5-17ECC399CDB4}.Debug|x64.Build.0 = Debug|x64
		{3E1D437E-EEBE-4EEB-84E5-17ECC399CDB4}.Debug|x86.ActiveCfg = Debug|Win32
		{3E1D437E-EEBE-4EEB-84E5-17ECC399CDB4}.Debug|x86.Build.0 = Debug|Win32
		{3E1D437E-EEBE-4EEB-84E5-17ECC399CDB4}.Release|x64.ActiveCfg = Release|x64
		{3E1D437E-EEBE-4EEB-84E5-17ECC399CDB4}.Release|x64.Build.0 = Release|x64
		{3E1D437E-EEBE-4EEB-84E5-17ECC399CDB4}.Release|x86.ActiveCfg = Release|Win32
		{3E1D437E-EEBE-4EEB-84E5-17ECC399CDB4}.Release|x86.Build.0 = Release|Win32
		{ABA82A55-4435-44FB-838A-59F871337E6D}.Debug|x64.ActiveCfg = Debug|x64
		{ABA82A55-4435-44FB-838A-59F871337E6D}.Debug|x64.Build.0 = Debug|x64
		{ABA82A55-4435-44FB-838A-59F871337E6D}.Debug|x86.ActiveCfg = Debug|Win32
		{ABA82A55-4435-44FB-838A-59F871337E6D}.Debug|x86.Build.0 = Debug|Win32
		{ABA82A55-4435-44FB-838A-59F871337E6D}.Release|x64.ActiveCfg = Release|x64
		{ABA82A55-4435-44FB-838A-59F871337E6D}.Release|x64.Build.0 = Release|x64
		{ABA82A55-4435-44FB-838A-59F871337E6D}.Release|x86.ActiveCfg = Release|Win32
		{ABA82A55-4435-44FB-838A-59F871337E6D}.Release|x86.Build.0 = Release|Win32
		{A3B8287B-E962-4840-A843-C1C92B01E57A}.Debug|x64.ActiveCfg = Debug|x64
		{A3B8287B-E962-4840-A843-C1C92B01E57A}.Debug|x64.Build.0 = Debug|x64
		{A3B8287B-E962-4840-A843-C1C92B01E57A}.Debug|x86.ActiveCfg = Debug|Win32
		{A3B8287B-E962-4840-A843-C1C92B01E57A}.Debug|x86.Build.0 = Debug|Win32
		{A3B8287B-E962-4840-A843-C1C92B01E57A}.Release|x64.ActiveCfg = Release|x64
		{A3B8287B-E962-4840-A843-C1C92B01E57A}.Release|x64.Build.0 = Release|x64
		{A3B8287B-E962-4840-A843-C1C92B01E57A}.Release|x86.ActiveCfg = Release|Win32
		{A3B8287B-E962-4840-A843-C1C92B01E57A}.Release|x86.Build.0 = Release|Win32
		{4486C7F5-CD53-4E7B-8C77-E1EF494856E7}.Debug|x64.ActiveCfg = Debug|x64
		{4486C7F5-CD53-4E7B-8C77-E1EF494856E7}.Debug|x64.Build.0 = Debug|x64
		{4486C7F5-CD53-4E7B-8C77-E1EF494856E7}.Debug|x86.ActiveCfg = Debug|Win32
		{4486C7F5-CD53-4E7B-8C77-E1EF494856E7}.Debug|x86.Build.0 = Debug|Win32
		{4486C7F5-CD53-4E7B-8C77-E1EF494856E7}.Release|x64.ActiveCfg = Release|x64
		{4486C7F5-CD53-4E7B-8C77-E1EF494856E7}.Release|x64.Build.0 = Release|x64
		{4486C7F5-CD53-4E7B-8C77-E1EF494856E7}.Release|x86.ActiveCfg = Release|Win32
		{4486C7F5-CD53-4E7B-8C77-E1EF494856E7}.Release|x86.Build.0 = Release|Win32
		{91DEE828-2013-45DF-8023-EB1DBA66EF1F}.Debug|x64.ActiveCfg = Debug|x64
		{91DEE828-2013-45DF-8023-EB1DBA66EF1F}.Debug|x64.Build.0 = Debug|x64
		{91DEE828-2013-45DF-8023-EB1DBA66EF1F}.Debug|x86.ActiveCfg = Debug|Win32
		{91DEE828-2013-45DF-8023-EB1DBA66EF1F}.Debug|x86.Build.0 = Debug|Win32
		{91DEE828-2013-45DF-8023-EB1DBA66EF1F}.Release|x64.ActiveCfg = Release|x64
		{91DEE828-2013-45DF-8023-EB1DBA66EF1F}.Release|x64.Build.0 = Release|x64
		{91DEE828-2013-45DF-8023-EB1DBA66EF1F}.Release|x86.ActiveCfg = Release|Win32
		{91DEE828-2013-45DF-8023-EB1DBA66EF1F}.Release|x86.Build.0 = Release|Win32
		{BF815546-07F9-4954-9EFF-B33658D13BAF}.Debug|x64.ActiveCfg = Debug|x64
		{BF815546-07F9-4954-9EFF-B33658D13BAF}.Debug|x64.Build.0 = Debug|x64
		{BF815546-07F9-4954-9EFF-B33658D13BAF}.Debug|x86.ActiveCfg = Debug|Win32
		{BF815546-07F9-4954-9EFF-B33658D13BAF}.Debug|x86.Build.0 = Debug|Win32
		{BF815546-07F9-4954-9EFF-B33658D13BAF}.Release|x64.ActiveCfg = Release|x64
		{BF815546-07F9-4954-9EFF-B33658D13BAF}.Release|x64.Build.0 = Release|x64
		{BF815546-07F9-4954-9EFF-B33658D13BAF}.Release|x86.ActiveCfg = Release|Win32
		{BF815546-07F9-4954-9EFF-B33658D13BAF}.Release|x86.Build.0 = Release|Win32
		{6E2AF463-18AA-49EB-827F-12C6B1780634}.Debug|x64.ActiveCfg = Debug|x64
		{6E2AF463-18AA-49EB-827F-12C6B1780634}.Debug|x64.Build.0 = Debug|x64
		{6E2AF463-18AA-49EB-827F-12C6B1780634}.Debug|x86.ActiveCfg = Debug|Win32
		{6E2AF463-18AA-49EB-827F-12C6B1780634}.Debug|x86.Build.0 = Debug|Win32
		{6E2AF463-18AA-49EB-827F-12C6B1780634}.Release|x64.ActiveCfg = Release|x64
		{6E2AF463-18AA-49EB-827F-12C6B1780634}.Release|x64.Build.0 = Release|x64
		{6E2AF463-18AA-49EB-827F-12C6B1780634}.Release|x86.ActiveCfg = Release|Win32
		{6E2AF463-18AA-49EB-827F-12C6B1780634}.Release|x86.Build.0 = Release|Win32
		{411EF73D-0B03-4271-9246-0A4E9A2A72CB}.Debug|x64.ActiveCfg = Debug|x64
		{411EF73D-0B03-4271-9246-0A4E9A2A72CB}.Debug|x64.Build.0 = Debug|x64
		{411EF73D-0B03-4271-9246-0A4E9A2A72CB}.Debug|x86.ActiveCfg = Debug|Win32
		{411EF73D-0B03-4271-9246-0A4E9A2A72CB}.Debug|x86.Build.0 = Debug|Win32
		{411EF73D-0B03-4271-9246-0A4E9A2A72CB}.Release|x64.ActiveCfg = Release|x64
		{411EF73D-0B03-4271-9246-0A4E9A2A72CB}.Release|x64.Build.0 = Release|x64
		{411EF73D-0B03-4271-9246-0A4E9A2A72CB}.Release|x86.ActiveCfg = Release|Win32
		{411EF73D-0B03-4271-9246-0A4E9A2A72CB}.Release|x86.Build.0 = Release|Win32
	EndGlobalSection
	GlobalSection(SolutionProperties) = preSolution
		HideSolutionNode = FALSE
	EndGlobalSection
	GlobalSection(ExtensibilityGlobals) = postSolution
		SolutionGuid = {AD0C16A9-0776-4E19-B1BA-0E2297A6E4AC}
	EndGlobalSection
EndGlobal
